
Microsoft Visual Studio Solution File, Format Version 12.00
# Visual Studio 15
VisualStudioVersion = 15.0.28307.489
MinimumVisualStudioVersion = 10.0.40219.1
Project("{9A19103F-16F7-4668-BE54-9A1E7A4F7556}") = "RaiffeisenRules", "RaiffeisenRules\RaiffeisenRules.csproj", "{F5E44372-F9AE-4667-B4D2-68A785E12A1E}"
EndProject
Project("{9A19103F-16F7-4668-BE54-9A1E7A4F7556}") = "Loops", "Loops\Loops.csproj", "{FDF66182-B523-470F-B13A-8C4C983A5241}"
EndProject
Project("{9A19103F-16F7-4668-BE54-9A1E7A4F7556}") = "While", "While\While.csproj", "{DEF93602-3A1C-454E-BD82-645E9882BFD4}"
EndProject
Project("{9A19103F-16F7-4668-BE54-9A1E7A4F7556}") = "Triangles", "Triangles\Triangles.csproj", "{B8967C53-0E05-43AE-B4B9-BE32F7862265}"
EndProject
Project("{9A19103F-16F7-4668-BE54-9A1E7A4F7556}") = "NToM", "NToM\NToM.csproj", "{2419E027-DD33-4679-A38A-F86F6834A2CF}"
EndProject
Project("{9A19103F-16F7-4668-BE54-9A1E7A4F7556}") = "Arrays", "Arrays\Arrays.csproj", "{9EA5B03F-839C-4CE8-B947-D32AB0FEDD67}"
EndProject
Project("{9A19103F-16F7-4668-BE54-9A1E7A4F7556}") = "EvenNubers", "EvenNubers\EvenNubers.csproj", "{3A32B3E2-4B7A-45DE-B10B-775EC0956850}"
EndProject
Project("{9A19103F-16F7-4668-BE54-9A1E7A4F7556}") = "Lists", "Lists\Lists.csproj", "{1916AF2E-6EB9-4225-A7DB-0773602D9A59}"
EndProject
Project("{9A19103F-16F7-4668-BE54-9A1E7A4F7556}") = "StudentsCounter", "StudentsCounter\StudentsCounter.csproj", "{D6E4563A-08FA-4C85-B88E-C26783F1B2AB}"
EndProject
Project("{9A19103F-16F7-4668-BE54-9A1E7A4F7556}") = "SumAndBiggestNumber", "SumAndBiggestNumber\SumAndBiggestNumber.csproj", "{E0650AFB-1E39-4BCF-8269-86E1E0A537EB}"
EndProject
Project("{9A19103F-16F7-4668-BE54-9A1E7A4F7556}") = "Methods", "Methods\Methods.csproj", "{0E5D6295-B3DC-43E7-9530-9B0EE8515048}"
EndProject
Project("{FAE04EC0-301F-11D3-BF4B-00C04F79EFBC}") = "Classes OOP", "Classes OOP\Classes OOP.csproj", "{46BB5748-BEB7-49C4-AE13-2139C36EB778}"
EndProject
Project("{FAE04EC0-301F-11D3-BF4B-00C04F79EFBC}") = "EGNGenerator", "EGNGenerator\EGNGenerator.csproj", "{F337DBD2-0550-4159-8999-6C4B3A50C2BC}"
EndProject
Project("{FAE04EC0-301F-11D3-BF4B-00C04F79EFBC}") = "Inheritance", "Inheritance\Inheritance.csproj", "{7A4C42C6-7819-46A6-9E2E-ABFB48EAFA92}"
EndProject
Global
	GlobalSection(SolutionConfigurationPlatforms) = preSolution
		Debug|Any CPU = Debug|Any CPU
		Release|Any CPU = Release|Any CPU
	EndGlobalSection
	GlobalSection(ProjectConfigurationPlatforms) = postSolution
		{F5E44372-F9AE-4667-B4D2-68A785E12A1E}.Debug|Any CPU.ActiveCfg = Debug|Any CPU
		{F5E44372-F9AE-4667-B4D2-68A785E12A1E}.Debug|Any CPU.Build.0 = Debug|Any CPU
		{F5E44372-F9AE-4667-B4D2-68A785E12A1E}.Release|Any CPU.ActiveCfg = Release|Any CPU
		{F5E44372-F9AE-4667-B4D2-68A785E12A1E}.Release|Any CPU.Build.0 = Release|Any CPU
		{FDF66182-B523-470F-B13A-8C4C983A5241}.Debug|Any CPU.ActiveCfg = Debug|Any CPU
		{FDF66182-B523-470F-B13A-8C4C983A5241}.Debug|Any CPU.Build.0 = Debug|Any CPU
		{FDF66182-B523-470F-B13A-8C4C983A5241}.Release|Any CPU.ActiveCfg = Release|Any CPU
		{FDF66182-B523-470F-B13A-8C4C983A5241}.Release|Any CPU.Build.0 = Release|Any CPU
		{DEF93602-3A1C-454E-BD82-645E9882BFD4}.Debug|Any CPU.ActiveCfg = Debug|Any CPU
		{DEF93602-3A1C-454E-BD82-645E9882BFD4}.Debug|Any CPU.Build.0 = Debug|Any CPU
		{DEF93602-3A1C-454E-BD82-645E9882BFD4}.Release|Any CPU.ActiveCfg = Release|Any CPU
		{DEF93602-3A1C-454E-BD82-645E9882BFD4}.Release|Any CPU.Build.0 = Release|Any CPU
		{B8967C53-0E05-43AE-B4B9-BE32F7862265}.Debug|Any CPU.ActiveCfg = Debug|Any CPU
		{B8967C53-0E05-43AE-B4B9-BE32F7862265}.Debug|Any CPU.Build.0 = Debug|Any CPU
		{B8967C53-0E05-43AE-B4B9-BE32F7862265}.Release|Any CPU.ActiveCfg = Release|Any CPU
		{B8967C53-0E05-43AE-B4B9-BE32F7862265}.Release|Any CPU.Build.0 = Release|Any CPU
		{2419E027-DD33-4679-A38A-F86F6834A2CF}.Debug|Any CPU.ActiveCfg = Debug|Any CPU
		{2419E027-DD33-4679-A38A-F86F6834A2CF}.Debug|Any CPU.Build.0 = Debug|Any CPU
		{2419E027-DD33-4679-A38A-F86F6834A2CF}.Release|Any CPU.ActiveCfg = Release|Any CPU
		{2419E027-DD33-4679-A38A-F86F6834A2CF}.Release|Any CPU.Build.0 = Release|Any CPU
		{9EA5B03F-839C-4CE8-B947-D32AB0FEDD67}.Debug|Any CPU.ActiveCfg = Debug|Any CPU
		{9EA5B03F-839C-4CE8-B947-D32AB0FEDD67}.Debug|Any CPU.Build.0 = Debug|Any CPU
		{9EA5B03F-839C-4CE8-B947-D32AB0FEDD67}.Release|Any CPU.ActiveCfg = Release|Any CPU
		{9EA5B03F-839C-4CE8-B947-D32AB0FEDD67}.Release|Any CPU.Build.0 = Release|Any CPU
		{3A32B3E2-4B7A-45DE-B10B-775EC0956850}.Debug|Any CPU.ActiveCfg = Debug|Any CPU
		{3A32B3E2-4B7A-45DE-B10B-775EC0956850}.Debug|Any CPU.Build.0 = Debug|Any CPU
		{3A32B3E2-4B7A-45DE-B10B-775EC0956850}.Release|Any CPU.ActiveCfg = Release|Any CPU
		{3A32B3E2-4B7A-45DE-B10B-775EC0956850}.Release|Any CPU.Build.0 = Release|Any CPU
		{1916AF2E-6EB9-4225-A7DB-0773602D9A59}.Debug|Any CPU.ActiveCfg = Debug|Any CPU
		{1916AF2E-6EB9-4225-A7DB-0773602D9A59}.Debug|Any CPU.Build.0 = Debug|Any CPU
		{1916AF2E-6EB9-4225-A7DB-0773602D9A59}.Release|Any CPU.ActiveCfg = Release|Any CPU
		{1916AF2E-6EB9-4225-A7DB-0773602D9A59}.Release|Any CPU.Build.0 = Release|Any CPU
		{D6E4563A-08FA-4C85-B88E-C26783F1B2AB}.Debug|Any CPU.ActiveCfg = Debug|Any CPU
		{D6E4563A-08FA-4C85-B88E-C26783F1B2AB}.Debug|Any CPU.Build.0 = Debug|Any CPU
		{D6E4563A-08FA-4C85-B88E-C26783F1B2AB}.Release|Any CPU.ActiveCfg = Release|Any CPU
		{D6E4563A-08FA-4C85-B88E-C26783F1B2AB}.Release|Any CPU.Build.0 = Release|Any CPU
		{E0650AFB-1E39-4BCF-8269-86E1E0A537EB}.Debug|Any CPU.ActiveCfg = Debug|Any CPU
		{E0650AFB-1E39-4BCF-8269-86E1E0A537EB}.Debug|Any CPU.Build.0 = Debug|Any CPU
		{E0650AFB-1E39-4BCF-8269-86E1E0A537EB}.Release|Any CPU.ActiveCfg = Release|Any CPU
		{E0650AFB-1E39-4BCF-8269-86E1E0A537EB}.Release|Any CPU.Build.0 = Release|Any CPU
		{0E5D6295-B3DC-43E7-9530-9B0EE8515048}.Debug|Any CPU.ActiveCfg = Debug|Any CPU
		{0E5D6295-B3DC-43E7-9530-9B0EE8515048}.Debug|Any CPU.Build.0 = Debug|Any CPU
		{0E5D6295-B3DC-43E7-9530-9B0EE8515048}.Release|Any CPU.ActiveCfg = Release|Any CPU
		{0E5D6295-B3DC-43E7-9530-9B0EE8515048}.Release|Any CPU.Build.0 = Release|Any CPU
		{46BB5748-BEB7-49C4-AE13-2139C36EB778}.Debug|Any CPU.ActiveCfg = Debug|Any CPU
		{46BB5748-BEB7-49C4-AE13-2139C36EB778}.Debug|Any CPU.Build.0 = Debug|Any CPU
		{46BB5748-BEB7-49C4-AE13-2139C36EB778}.Release|Any CPU.ActiveCfg = Release|Any CPU
		{46BB5748-BEB7-49C4-AE13-2139C36EB778}.Release|Any CPU.Build.0 = Release|Any CPU
		{F337DBD2-0550-4159-8999-6C4B3A50C2BC}.Debug|Any CPU.ActiveCfg = Debug|Any CPU
		{F337DBD2-0550-4159-8999-6C4B3A50C2BC}.Debug|Any CPU.Build.0 = Debug|Any CPU
		{F337DBD2-0550-4159-8999-6C4B3A50C2BC}.Release|Any CPU.ActiveCfg = Release|Any CPU
		{F337DBD2-0550-4159-8999-6C4B3A50C2BC}.Release|Any CPU.Build.0 = Release|Any CPU
		{7A4C42C6-7819-46A6-9E2E-ABFB48EAFA92}.Debug|Any CPU.ActiveCfg = Debug|Any CPU
		{7A4C42C6-7819-46A6-9E2E-ABFB48EAFA92}.Debug|Any CPU.Build.0 = Debug|Any CPU
		{7A4C42C6-7819-46A6-9E2E-ABFB48EAFA92}.Release|Any CPU.ActiveCfg = Release|Any CPU
		{7A4C42C6-7819-46A6-9E2E-ABFB48EAFA92}.Release|Any CPU.Build.0 = Release|Any CPU
	EndGlobalSection
	GlobalSection(SolutionProperties) = preSolution
		HideSolutionNode = FALSE
	EndGlobalSection
	GlobalSection(ExtensibilityGlobals) = postSolution
		SolutionGuid = {59082AEA-6A65-4A3A-B79D-D772D898FDD1}
	EndGlobalSection
EndGlobal
